// !$*UTF8*$!
{
	archiveVersion = 1;
	classes = {
	};
	objectVersion = 56;
	objects = {

/* Begin PBXBuildFile section */
		63538F6F42F6022FE1BCF231 /* Pods_OneOnOneSample.framework in Frameworks */ = {isa = PBXBuildFile; fileRef = F3F9C9746DD62000C5375C04 /* Pods_OneOnOneSample.framework */; };
		9E5384A403AAF71FDA3EE960 /* Pods_OneOnOneSampleTests.framework in Frameworks */ = {isa = PBXBuildFile; fileRef = AB41AE1855CF93371161E5B4 /* Pods_OneOnOneSampleTests.framework */; };
		D9615CE0408DA01D42A9C4CA /* Pods_OneOnOneSample_OneOnOneSampleUITests.framework in Frameworks */ = {isa = PBXBuildFile; fileRef = 88E0F908F17584B30342757E /* Pods_OneOnOneSample_OneOnOneSampleUITests.framework */; };
		ED4861752A14D851006DF3CA /* oneOnOne.json in Resources */ = {isa = PBXBuildFile; fileRef = ED4861742A14D851006DF3CA /* oneOnOne.json */; };
		EDF01A032A0F7758002A5275 /* AppDelegate.swift in Sources */ = {isa = PBXBuildFile; fileRef = EDF01A022A0F7758002A5275 /* AppDelegate.swift */; };
		EDF01A072A0F7758002A5275 /* ViewController.swift in Sources */ = {isa = PBXBuildFile; fileRef = EDF01A062A0F7758002A5275 /* ViewController.swift */; };
		EDF01A0A2A0F7758002A5275 /* Main.storyboard in Resources */ = {isa = PBXBuildFile; fileRef = EDF01A082A0F7758002A5275 /* Main.storyboard */; };
		EDF01A0C2A0F7759002A5275 /* Assets.xcassets in Resources */ = {isa = PBXBuildFile; fileRef = EDF01A0B2A0F7759002A5275 /* Assets.xcassets */; };
		EDF01A0F2A0F7759002A5275 /* LaunchScreen.storyboard in Resources */ = {isa = PBXBuildFile; fileRef = EDF01A0D2A0F7759002A5275 /* LaunchScreen.storyboard */; };
		EDF01A1A2A0F7759002A5275 /* OneOnOneSampleTests.swift in Sources */ = {isa = PBXBuildFile; fileRef = EDF01A192A0F7759002A5275 /* OneOnOneSampleTests.swift */; };
		EDF01A242A0F7759002A5275 /* OneOnOneSampleUITests.swift in Sources */ = {isa = PBXBuildFile; fileRef = EDF01A232A0F7759002A5275 /* OneOnOneSampleUITests.swift */; };
		EDF01A262A0F7759002A5275 /* OneOnOneSampleUITestsLaunchTests.swift in Sources */ = {isa = PBXBuildFile; fileRef = EDF01A252A0F7759002A5275 /* OneOnOneSampleUITestsLaunchTests.swift */; };
		EDF01A3A2A0F7DB5002A5275 /* NPTHomeViewController.swift in Sources */ = {isa = PBXBuildFile; fileRef = EDF01A372A0F7DB5002A5275 /* NPTHomeViewController.swift */; };
		EDF01A3D2A0F80D4002A5275 /* String+Extension.swift in Sources */ = {isa = PBXBuildFile; fileRef = EDF01A3C2A0F80D4002A5275 /* String+Extension.swift */; };
		EDF01A3F2A0F83BF002A5275 /* Appkey.swift in Sources */ = {isa = PBXBuildFile; fileRef = EDF01A3E2A0F83BF002A5275 /* Appkey.swift */; };
		EDF01A422A11C87D002A5275 /* Localizable.strings in Resources */ = {isa = PBXBuildFile; fileRef = EDF01A442A11C87D002A5275 /* Localizable.strings */; };
		EDF01A522A11D29A002A5275 /* Device+Extension.swift in Sources */ = {isa = PBXBuildFile; fileRef = EDF01A512A11D29A002A5275 /* Device+Extension.swift */; };
/* End PBXBuildFile section */

/* Begin PBXContainerItemProxy section */
		EDF01A162A0F7759002A5275 /* PBXContainerItemProxy */ = {
			isa = PBXContainerItemProxy;
			containerPortal = EDF019F72A0F7758002A5275 /* Project object */;
			proxyType = 1;
			remoteGlobalIDString = EDF019FE2A0F7758002A5275;
			remoteInfo = OneOnOneSample;
		};
		EDF01A202A0F7759002A5275 /* PBXContainerItemProxy */ = {
			isa = PBXContainerItemProxy;
			containerPortal = EDF019F72A0F7758002A5275 /* Project object */;
			proxyType = 1;
			remoteGlobalIDString = EDF019FE2A0F7758002A5275;
			remoteInfo = OneOnOneSample;
		};
/* End PBXContainerItemProxy section */

/* Begin PBXFileReference section */
		0B38200BEC3379EF8A4CBEF7 /* Pods-OneOnOneSampleTests.debug.xcconfig */ = {isa = PBXFileReference; includeInIndex = 1; lastKnownFileType = text.xcconfig; name = "Pods-OneOnOneSampleTests.debug.xcconfig"; path = "Target Support Files/Pods-OneOnOneSampleTests/Pods-OneOnOneSampleTests.debug.xcconfig"; sourceTree = "<group>"; };
		2202B99A6D732C71A7C5B90E /* Pods-OneOnOneSample.release.xcconfig */ = {isa = PBXFileReference; includeInIndex = 1; lastKnownFileType = text.xcconfig; name = "Pods-OneOnOneSample.release.xcconfig"; path = "Target Support Files/Pods-OneOnOneSample/Pods-OneOnOneSample.release.xcconfig"; sourceTree = "<group>"; };
		35414225269C97CA8040AE62 /* Pods-OneOnOneSample.debug.xcconfig */ = {isa = PBXFileReference; includeInIndex = 1; lastKnownFileType = text.xcconfig; name = "Pods-OneOnOneSample.debug.xcconfig"; path = "Target Support Files/Pods-OneOnOneSample/Pods-OneOnOneSample.debug.xcconfig"; sourceTree = "<group>"; };
		88E0F908F17584B30342757E /* Pods_OneOnOneSample_OneOnOneSampleUITests.framework */ = {isa = PBXFileReference; explicitFileType = wrapper.framework; includeInIndex = 0; path = Pods_OneOnOneSample_OneOnOneSampleUITests.framework; sourceTree = BUILT_PRODUCTS_DIR; };
		8F2908A7CD11C498C2B39D35 /* Pods-OneOnOneSample-OneOnOneSampleUITests.release.xcconfig */ = {isa = PBXFileReference; includeInIndex = 1; lastKnownFileType = text.xcconfig; name = "Pods-OneOnOneSample-OneOnOneSampleUITests.release.xcconfig"; path = "Target Support Files/Pods-OneOnOneSample-OneOnOneSampleUITests/Pods-OneOnOneSample-OneOnOneSampleUITests.release.xcconfig"; sourceTree = "<group>"; };
		9BE57E01E3EB378D2B4B742B /* Pods-OneOnOneSampleTests.release.xcconfig */ = {isa = PBXFileReference; includeInIndex = 1; lastKnownFileType = text.xcconfig; name = "Pods-OneOnOneSampleTests.release.xcconfig"; path = "Target Support Files/Pods-OneOnOneSampleTests/Pods-OneOnOneSampleTests.release.xcconfig"; sourceTree = "<group>"; };
		AB41AE1855CF93371161E5B4 /* Pods_OneOnOneSampleTests.framework */ = {isa = PBXFileReference; explicitFileType = wrapper.framework; includeInIndex = 0; path = Pods_OneOnOneSampleTests.framework; sourceTree = BUILT_PRODUCTS_DIR; };
		AF5159A0824583125AAC04D3 /* Pods-OneOnOneSample-OneOnOneSampleUITests.debug.xcconfig */ = {isa = PBXFileReference; includeInIndex = 1; lastKnownFileType = text.xcconfig; name = "Pods-OneOnOneSample-OneOnOneSampleUITests.debug.xcconfig"; path = "Target Support Files/Pods-OneOnOneSample-OneOnOneSampleUITests/Pods-OneOnOneSample-OneOnOneSampleUITests.debug.xcconfig"; sourceTree = "<group>"; };
		ED4861742A14D851006DF3CA /* oneOnOne.json */ = {isa = PBXFileReference; fileEncoding = 4; lastKnownFileType = text.json; path = oneOnOne.json; sourceTree = "<group>"; };
		EDF019FF2A0F7758002A5275 /* OneOnOneSample.app */ = {isa = PBXFileReference; explicitFileType = wrapper.application; includeInIndex = 0; path = OneOnOneSample.app; sourceTree = BUILT_PRODUCTS_DIR; };
		EDF01A022A0F7758002A5275 /* AppDelegate.swift */ = {isa = PBXFileReference; lastKnownFileType = sourcecode.swift; path = AppDelegate.swift; sourceTree = "<group>"; };
		EDF01A062A0F7758002A5275 /* ViewController.swift */ = {isa = PBXFileReference; lastKnownFileType = sourcecode.swift; path = ViewController.swift; sourceTree = "<group>"; };
		EDF01A092A0F7758002A5275 /* Base */ = {isa = PBXFileReference; lastKnownFileType = file.storyboard; name = Base; path = Base.lproj/Main.storyboard; sourceTree = "<group>"; };
		EDF01A0B2A0F7759002A5275 /* Assets.xcassets */ = {isa = PBXFileReference; lastKnownFileType = folder.assetcatalog; path = Assets.xcassets; sourceTree = "<group>"; };
		EDF01A0E2A0F7759002A5275 /* Base */ = {isa = PBXFileReference; lastKnownFileType = file.storyboard; name = Base; path = Base.lproj/LaunchScreen.storyboard; sourceTree = "<group>"; };
		EDF01A102A0F7759002A5275 /* Info.plist */ = {isa = PBXFileReference; lastKnownFileType = text.plist.xml; path = Info.plist; sourceTree = "<group>"; };
		EDF01A152A0F7759002A5275 /* OneOnOneSampleTests.xctest */ = {isa = PBXFileReference; explicitFileType = wrapper.cfbundle; includeInIndex = 0; path = OneOnOneSampleTests.xctest; sourceTree = BUILT_PRODUCTS_DIR; };
		EDF01A192A0F7759002A5275 /* OneOnOneSampleTests.swift */ = {isa = PBXFileReference; lastKnownFileType = sourcecode.swift; path = OneOnOneSampleTests.swift; sourceTree = "<group>"; };
		EDF01A1F2A0F7759002A5275 /* OneOnOneSampleUITests.xctest */ = {isa = PBXFileReference; explicitFileType = wrapper.cfbundle; includeInIndex = 0; path = OneOnOneSampleUITests.xctest; sourceTree = BUILT_PRODUCTS_DIR; };
		EDF01A232A0F7759002A5275 /* OneOnOneSampleUITests.swift */ = {isa = PBXFileReference; lastKnownFileType = sourcecode.swift; path = OneOnOneSampleUITests.swift; sourceTree = "<group>"; };
		EDF01A252A0F7759002A5275 /* OneOnOneSampleUITestsLaunchTests.swift */ = {isa = PBXFileReference; lastKnownFileType = sourcecode.swift; path = OneOnOneSampleUITestsLaunchTests.swift; sourceTree = "<group>"; };
		EDF01A372A0F7DB5002A5275 /* NPTHomeViewController.swift */ = {isa = PBXFileReference; fileEncoding = 4; lastKnownFileType = sourcecode.swift; path = NPTHomeViewController.swift; sourceTree = "<group>"; };
		EDF01A3C2A0F80D4002A5275 /* String+Extension.swift */ = {isa = PBXFileReference; fileEncoding = 4; lastKnownFileType = sourcecode.swift; path = "String+Extension.swift"; sourceTree = "<group>"; };
		EDF01A3E2A0F83BF002A5275 /* Appkey.swift */ = {isa = PBXFileReference; lastKnownFileType = sourcecode.swift; path = Appkey.swift; sourceTree = "<group>"; };
		EDF01A432A11C87D002A5275 /* en */ = {isa = PBXFileReference; lastKnownFileType = text.plist.strings; name = en; path = en.lproj/Localizable.strings; sourceTree = "<group>"; };
		EDF01A4E2A11D10F002A5275 /* zh-Hans */ = {isa = PBXFileReference; lastKnownFileType = text.plist.strings; name = "zh-Hans"; path = "zh-Hans.lproj/Main.strings"; sourceTree = "<group>"; };
		EDF01A4F2A11D110002A5275 /* zh-Hans */ = {isa = PBXFileReference; lastKnownFileType = text.plist.strings; name = "zh-Hans"; path = "zh-Hans.lproj/LaunchScreen.strings"; sourceTree = "<group>"; };
		EDF01A502A11D110002A5275 /* zh-Hans */ = {isa = PBXFileReference; lastKnownFileType = text.plist.strings; name = "zh-Hans"; path = "zh-Hans.lproj/Localizable.strings"; sourceTree = "<group>"; };
		EDF01A512A11D29A002A5275 /* Device+Extension.swift */ = {isa = PBXFileReference; fileEncoding = 4; lastKnownFileType = sourcecode.swift; path = "Device+Extension.swift"; sourceTree = "<group>"; };
		F3F9C9746DD62000C5375C04 /* Pods_OneOnOneSample.framework */ = {isa = PBXFileReference; explicitFileType = wrapper.framework; includeInIndex = 0; path = Pods_OneOnOneSample.framework; sourceTree = BUILT_PRODUCTS_DIR; };
/* End PBXFileReference section */

/* Begin PBXFrameworksBuildPhase section */
		EDF019FC2A0F7758002A5275 /* Frameworks */ = {
			isa = PBXFrameworksBuildPhase;
			buildActionMask = 2147483647;
			files = (
				63538F6F42F6022FE1BCF231 /* Pods_OneOnOneSample.framework in Frameworks */,
			);
			runOnlyForDeploymentPostprocessing = 0;
		};
		EDF01A122A0F7759002A5275 /* Frameworks */ = {
			isa = PBXFrameworksBuildPhase;
			buildActionMask = 2147483647;
			files = (
				9E5384A403AAF71FDA3EE960 /* Pods_OneOnOneSampleTests.framework in Frameworks */,
			);
			runOnlyForDeploymentPostprocessing = 0;
		};
		EDF01A1C2A0F7759002A5275 /* Frameworks */ = {
			isa = PBXFrameworksBuildPhase;
			buildActionMask = 2147483647;
			files = (
				D9615CE0408DA01D42A9C4CA /* Pods_OneOnOneSample_OneOnOneSampleUITests.framework in Frameworks */,
			);
			runOnlyForDeploymentPostprocessing = 0;
		};
/* End PBXFrameworksBuildPhase section */

/* Begin PBXGroup section */
		259A3DF409ADAFF550C4540A /* Frameworks */ = {
			isa = PBXGroup;
			children = (
				F3F9C9746DD62000C5375C04 /* Pods_OneOnOneSample.framework */,
				88E0F908F17584B30342757E /* Pods_OneOnOneSample_OneOnOneSampleUITests.framework */,
				AB41AE1855CF93371161E5B4 /* Pods_OneOnOneSampleTests.framework */,
			);
			name = Frameworks;
			sourceTree = "<group>";
		};
		ED4861732A14D851006DF3CA /* Source */ = {
			isa = PBXGroup;
			children = (
				ED4861742A14D851006DF3CA /* oneOnOne.json */,
			);
			path = Source;
			sourceTree = "<group>";
		};
		EDEE68376306927A7B9F2712 /* Pods */ = {
			isa = PBXGroup;
			children = (
				35414225269C97CA8040AE62 /* Pods-OneOnOneSample.debug.xcconfig */,
				2202B99A6D732C71A7C5B90E /* Pods-OneOnOneSample.release.xcconfig */,
				AF5159A0824583125AAC04D3 /* Pods-OneOnOneSample-OneOnOneSampleUITests.debug.xcconfig */,
				8F2908A7CD11C498C2B39D35 /* Pods-OneOnOneSample-OneOnOneSampleUITests.release.xcconfig */,
				0B38200BEC3379EF8A4CBEF7 /* Pods-OneOnOneSampleTests.debug.xcconfig */,
				9BE57E01E3EB378D2B4B742B /* Pods-OneOnOneSampleTests.release.xcconfig */,
			);
			path = Pods;
			sourceTree = "<group>";
		};
		EDF019F62A0F7758002A5275 = {
			isa = PBXGroup;
			children = (
				EDF01A012A0F7758002A5275 /* OneOnOneSample */,
				EDF01A182A0F7759002A5275 /* OneOnOneSampleTests */,
				EDF01A222A0F7759002A5275 /* OneOnOneSampleUITests */,
				EDF01A002A0F7758002A5275 /* Products */,
				EDEE68376306927A7B9F2712 /* Pods */,
				259A3DF409ADAFF550C4540A /* Frameworks */,
			);
			sourceTree = "<group>";
		};
		EDF01A002A0F7758002A5275 /* Products */ = {
			isa = PBXGroup;
			children = (
				EDF019FF2A0F7758002A5275 /* OneOnOneSample.app */,
				EDF01A152A0F7759002A5275 /* OneOnOneSampleTests.xctest */,
				EDF01A1F2A0F7759002A5275 /* OneOnOneSampleUITests.xctest */,
			);
			name = Products;
			sourceTree = "<group>";
		};
		EDF01A012A0F7758002A5275 /* OneOnOneSample */ = {
			isa = PBXGroup;
			children = (
				ED4861732A14D851006DF3CA /* Source */,
				EDF01A3B2A0F80D4002A5275 /* Utils */,
				EDF01A342A0F7DB5002A5275 /* Home */,
				EDF01A3E2A0F83BF002A5275 /* Appkey.swift */,
				EDF01A022A0F7758002A5275 /* AppDelegate.swift */,
				EDF01A062A0F7758002A5275 /* ViewController.swift */,
				EDF01A082A0F7758002A5275 /* Main.storyboard */,
				EDF01A0B2A0F7759002A5275 /* Assets.xcassets */,
				EDF01A442A11C87D002A5275 /* Localizable.strings */,
				EDF01A0D2A0F7759002A5275 /* LaunchScreen.storyboard */,
				EDF01A102A0F7759002A5275 /* Info.plist */,
			);
			path = OneOnOneSample;
			sourceTree = "<group>";
		};
		EDF01A182A0F7759002A5275 /* OneOnOneSampleTests */ = {
			isa = PBXGroup;
			children = (
				EDF01A192A0F7759002A5275 /* OneOnOneSampleTests.swift */,
			);
			path = OneOnOneSampleTests;
			sourceTree = "<group>";
		};
		EDF01A222A0F7759002A5275 /* OneOnOneSampleUITests */ = {
			isa = PBXGroup;
			children = (
				EDF01A232A0F7759002A5275 /* OneOnOneSampleUITests.swift */,
				EDF01A252A0F7759002A5275 /* OneOnOneSampleUITestsLaunchTests.swift */,
			);
			path = OneOnOneSampleUITests;
			sourceTree = "<group>";
		};
		EDF01A342A0F7DB5002A5275 /* Home */ = {
			isa = PBXGroup;
			children = (
				EDF01A372A0F7DB5002A5275 /* NPTHomeViewController.swift */,
			);
			path = Home;
			sourceTree = "<group>";
		};
		EDF01A3B2A0F80D4002A5275 /* Utils */ = {
			isa = PBXGroup;
			children = (
				EDF01A512A11D29A002A5275 /* Device+Extension.swift */,
				EDF01A3C2A0F80D4002A5275 /* String+Extension.swift */,
			);
			path = Utils;
			sourceTree = "<group>";
		};
/* End PBXGroup section */

/* Begin PBXNativeTarget section */
		EDF019FE2A0F7758002A5275 /* OneOnOneSample */ = {
			isa = PBXNativeTarget;
			buildConfigurationList = EDF01A292A0F7759002A5275 /* Build configuration list for PBXNativeTarget "OneOnOneSample" */;
			buildPhases = (
				120A948A1D184DE2785909DD /* [CP] Check Pods Manifest.lock */,
				EDF019FB2A0F7758002A5275 /* Sources */,
				EDF019FC2A0F7758002A5275 /* Frameworks */,
				EDF019FD2A0F7758002A5275 /* Resources */,
				AF4B9F5ECB1184B057BF1D22 /* [CP] Embed Pods Frameworks */,
				3885C0E037C406FE3733C229 /* [CP] Copy Pods Resources */,
			);
			buildRules = (
			);
			dependencies = (
			);
			name = OneOnOneSample;
			productName = OneOnOneSample;
			productReference = EDF019FF2A0F7758002A5275 /* OneOnOneSample.app */;
			productType = "com.apple.product-type.application";
		};
		EDF01A142A0F7759002A5275 /* OneOnOneSampleTests */ = {
			isa = PBXNativeTarget;
			buildConfigurationList = EDF01A2C2A0F7759002A5275 /* Build configuration list for PBXNativeTarget "OneOnOneSampleTests" */;
			buildPhases = (
				8B18CA9DBA18EEB7BE737213 /* [CP] Check Pods Manifest.lock */,
				EDF01A112A0F7759002A5275 /* Sources */,
				EDF01A122A0F7759002A5275 /* Frameworks */,
				EDF01A132A0F7759002A5275 /* Resources */,
			);
			buildRules = (
			);
			dependencies = (
				EDF01A172A0F7759002A5275 /* PBXTargetDependency */,
			);
			name = OneOnOneSampleTests;
			productName = OneOnOneSampleTests;
			productReference = EDF01A152A0F7759002A5275 /* OneOnOneSampleTests.xctest */;
			productType = "com.apple.product-type.bundle.unit-test";
		};
		EDF01A1E2A0F7759002A5275 /* OneOnOneSampleUITests */ = {
			isa = PBXNativeTarget;
			buildConfigurationList = EDF01A2F2A0F7759002A5275 /* Build configuration list for PBXNativeTarget "OneOnOneSampleUITests" */;
			buildPhases = (
				1567245855123611207781BC /* [CP] Check Pods Manifest.lock */,
				EDF01A1B2A0F7759002A5275 /* Sources */,
				EDF01A1C2A0F7759002A5275 /* Frameworks */,
				EDF01A1D2A0F7759002A5275 /* Resources */,
				E753B7A893D6B198E5BCA0A4 /* [CP] Embed Pods Frameworks */,
				DFA741D77BC148CE87D74CBE /* [CP] Copy Pods Resources */,
			);
			buildRules = (
			);
			dependencies = (
				EDF01A212A0F7759002A5275 /* PBXTargetDependency */,
			);
			name = OneOnOneSampleUITests;
			productName = OneOnOneSampleUITests;
			productReference = EDF01A1F2A0F7759002A5275 /* OneOnOneSampleUITests.xctest */;
			productType = "com.apple.product-type.bundle.ui-testing";
		};
/* End PBXNativeTarget section */

/* Begin PBXProject section */
		EDF019F72A0F7758002A5275 /* Project object */ = {
			isa = PBXProject;
			attributes = {
				BuildIndependentTargetsInParallel = 1;
				LastSwiftUpdateCheck = 1420;
				LastUpgradeCheck = 1420;
				TargetAttributes = {
					EDF019FE2A0F7758002A5275 = {
						CreatedOnToolsVersion = 14.2;
					};
					EDF01A142A0F7759002A5275 = {
						CreatedOnToolsVersion = 14.2;
						TestTargetID = EDF019FE2A0F7758002A5275;
					};
					EDF01A1E2A0F7759002A5275 = {
						CreatedOnToolsVersion = 14.2;
						TestTargetID = EDF019FE2A0F7758002A5275;
					};
				};
			};
			buildConfigurationList = EDF019FA2A0F7758002A5275 /* Build configuration list for PBXProject "OneOnOneSample" */;
			compatibilityVersion = "Xcode 14.0";
			developmentRegion = en;
			hasScannedForEncodings = 0;
			knownRegions = (
				en,
				Base,
				"zh-Hans",
			);
			mainGroup = EDF019F62A0F7758002A5275;
			productRefGroup = EDF01A002A0F7758002A5275 /* Products */;
			projectDirPath = "";
			projectRoot = "";
			targets = (
				EDF019FE2A0F7758002A5275 /* OneOnOneSample */,
				EDF01A142A0F7759002A5275 /* OneOnOneSampleTests */,
				EDF01A1E2A0F7759002A5275 /* OneOnOneSampleUITests */,
			);
		};
/* End PBXProject section */

/* Begin PBXResourcesBuildPhase section */
		EDF019FD2A0F7758002A5275 /* Resources */ = {
			isa = PBXResourcesBuildPhase;
			buildActionMask = 2147483647;
			files = (
				EDF01A0F2A0F7759002A5275 /* LaunchScreen.storyboard in Resources */,
				ED4861752A14D851006DF3CA /* oneOnOne.json in Resources */,
				EDF01A422A11C87D002A5275 /* Localizable.strings in Resources */,
				EDF01A0C2A0F7759002A5275 /* Assets.xcassets in Resources */,
				EDF01A0A2A0F7758002A5275 /* Main.storyboard in Resources */,
			);
			runOnlyForDeploymentPostprocessing = 0;
		};
		EDF01A132A0F7759002A5275 /* Resources */ = {
			isa = PBXResourcesBuildPhase;
			buildActionMask = 2147483647;
			files = (
			);
			runOnlyForDeploymentPostprocessing = 0;
		};
		EDF01A1D2A0F7759002A5275 /* Resources */ = {
			isa = PBXResourcesBuildPhase;
			buildActionMask = 2147483647;
			files = (
			);
			runOnlyForDeploymentPostprocessing = 0;
		};
/* End PBXResourcesBuildPhase section */

/* Begin PBXShellScriptBuildPhase section */
		120A948A1D184DE2785909DD /* [CP] Check Pods Manifest.lock */ = {
			isa = PBXShellScriptBuildPhase;
			buildActionMask = 2147483647;
			files = (
			);
			inputFileListPaths = (
			);
			inputPaths = (
				"${PODS_PODFILE_DIR_PATH}/Podfile.lock",
				"${PODS_ROOT}/Manifest.lock",
			);
			name = "[CP] Check Pods Manifest.lock";
			outputFileListPaths = (
			);
			outputPaths = (
				"$(DERIVED_FILE_DIR)/Pods-OneOnOneSample-checkManifestLockResult.txt",
			);
			runOnlyForDeploymentPostprocessing = 0;
			shellPath = /bin/sh;
			shellScript = "diff \"${PODS_PODFILE_DIR_PATH}/Podfile.lock\" \"${PODS_ROOT}/Manifest.lock\" > /dev/null\nif [ $? != 0 ] ; then\n    # print error to STDERR\n    echo \"error: The sandbox is not in sync with the Podfile.lock. Run 'pod install' or update your CocoaPods installation.\" >&2\n    exit 1\nfi\n# This output is used by Xcode 'outputs' to avoid re-running this script phase.\necho \"SUCCESS\" > \"${SCRIPT_OUTPUT_FILE_0}\"\n";
			showEnvVarsInLog = 0;
		};
		1567245855123611207781BC /* [CP] Check Pods Manifest.lock */ = {
			isa = PBXShellScriptBuildPhase;
			buildActionMask = 2147483647;
			files = (
			);
			inputFileListPaths = (
			);
			inputPaths = (
				"${PODS_PODFILE_DIR_PATH}/Podfile.lock",
				"${PODS_ROOT}/Manifest.lock",
			);
			name = "[CP] Check Pods Manifest.lock";
			outputFileListPaths = (
			);
			outputPaths = (
				"$(DERIVED_FILE_DIR)/Pods-OneOnOneSample-OneOnOneSampleUITests-checkManifestLockResult.txt",
			);
			runOnlyForDeploymentPostprocessing = 0;
			shellPath = /bin/sh;
			shellScript = "diff \"${PODS_PODFILE_DIR_PATH}/Podfile.lock\" \"${PODS_ROOT}/Manifest.lock\" > /dev/null\nif [ $? != 0 ] ; then\n    # print error to STDERR\n    echo \"error: The sandbox is not in sync with the Podfile.lock. Run 'pod install' or update your CocoaPods installation.\" >&2\n    exit 1\nfi\n# This output is used by Xcode 'outputs' to avoid re-running this script phase.\necho \"SUCCESS\" > \"${SCRIPT_OUTPUT_FILE_0}\"\n";
			showEnvVarsInLog = 0;
		};
		3885C0E037C406FE3733C229 /* [CP] Copy Pods Resources */ = {
			isa = PBXShellScriptBuildPhase;
			buildActionMask = 2147483647;
			files = (
			);
			inputFileListPaths = (
				"${PODS_ROOT}/Target Support Files/Pods-OneOnOneSample/Pods-OneOnOneSample-resources-${CONFIGURATION}-input-files.xcfilelist",
			);
			name = "[CP] Copy Pods Resources";
			outputFileListPaths = (
				"${PODS_ROOT}/Target Support Files/Pods-OneOnOneSample/Pods-OneOnOneSample-resources-${CONFIGURATION}-output-files.xcfilelist",
			);
			runOnlyForDeploymentPostprocessing = 0;
			shellPath = /bin/sh;
			shellScript = "\"${PODS_ROOT}/Target Support Files/Pods-OneOnOneSample/Pods-OneOnOneSample-resources.sh\"\n";
			showEnvVarsInLog = 0;
		};
		8B18CA9DBA18EEB7BE737213 /* [CP] Check Pods Manifest.lock */ = {
			isa = PBXShellScriptBuildPhase;
			buildActionMask = 2147483647;
			files = (
			);
			inputFileListPaths = (
			);
			inputPaths = (
				"${PODS_PODFILE_DIR_PATH}/Podfile.lock",
				"${PODS_ROOT}/Manifest.lock",
			);
			name = "[CP] Check Pods Manifest.lock";
			outputFileListPaths = (
			);
			outputPaths = (
				"$(DERIVED_FILE_DIR)/Pods-OneOnOneSampleTests-checkManifestLockResult.txt",
			);
			runOnlyForDeploymentPostprocessing = 0;
			shellPath = /bin/sh;
			shellScript = "diff \"${PODS_PODFILE_DIR_PATH}/Podfile.lock\" \"${PODS_ROOT}/Manifest.lock\" > /dev/null\nif [ $? != 0 ] ; then\n    # print error to STDERR\n    echo \"error: The sandbox is not in sync with the Podfile.lock. Run 'pod install' or update your CocoaPods installation.\" >&2\n    exit 1\nfi\n# This output is used by Xcode 'outputs' to avoid re-running this script phase.\necho \"SUCCESS\" > \"${SCRIPT_OUTPUT_FILE_0}\"\n";
			showEnvVarsInLog = 0;
		};
		AF4B9F5ECB1184B057BF1D22 /* [CP] Embed Pods Frameworks */ = {
			isa = PBXShellScriptBuildPhase;
			buildActionMask = 2147483647;
			files = (
			);
			inputFileListPaths = (
				"${PODS_ROOT}/Target Support Files/Pods-OneOnOneSample/Pods-OneOnOneSample-frameworks-${CONFIGURATION}-input-files.xcfilelist",
			);
			name = "[CP] Embed Pods Frameworks";
			outputFileListPaths = (
				"${PODS_ROOT}/Target Support Files/Pods-OneOnOneSample/Pods-OneOnOneSample-frameworks-${CONFIGURATION}-output-files.xcfilelist",
			);
			runOnlyForDeploymentPostprocessing = 0;
			shellPath = /bin/sh;
			shellScript = "\"${PODS_ROOT}/Target Support Files/Pods-OneOnOneSample/Pods-OneOnOneSample-frameworks.sh\"\n";
			showEnvVarsInLog = 0;
		};
		DFA741D77BC148CE87D74CBE /* [CP] Copy Pods Resources */ = {
			isa = PBXShellScriptBuildPhase;
			buildActionMask = 2147483647;
			files = (
			);
			inputFileListPaths = (
				"${PODS_ROOT}/Target Support Files/Pods-OneOnOneSample-OneOnOneSampleUITests/Pods-OneOnOneSample-OneOnOneSampleUITests-resources-${CONFIGURATION}-input-files.xcfilelist",
			);
			name = "[CP] Copy Pods Resources";
			outputFileListPaths = (
				"${PODS_ROOT}/Target Support Files/Pods-OneOnOneSample-OneOnOneSampleUITests/Pods-OneOnOneSample-OneOnOneSampleUITests-resources-${CONFIGURATION}-output-files.xcfilelist",
			);
			runOnlyForDeploymentPostprocessing = 0;
			shellPath = /bin/sh;
			shellScript = "\"${PODS_ROOT}/Target Support Files/Pods-OneOnOneSample-OneOnOneSampleUITests/Pods-OneOnOneSample-OneOnOneSampleUITests-resources.sh\"\n";
			showEnvVarsInLog = 0;
		};
		E753B7A893D6B198E5BCA0A4 /* [CP] Embed Pods Frameworks */ = {
			isa = PBXShellScriptBuildPhase;
			buildActionMask = 2147483647;
			files = (
			);
			inputFileListPaths = (
				"${PODS_ROOT}/Target Support Files/Pods-OneOnOneSample-OneOnOneSampleUITests/Pods-OneOnOneSample-OneOnOneSampleUITests-frameworks-${CONFIGURATION}-input-files.xcfilelist",
			);
			name = "[CP] Embed Pods Frameworks";
			outputFileListPaths = (
				"${PODS_ROOT}/Target Support Files/Pods-OneOnOneSample-OneOnOneSampleUITests/Pods-OneOnOneSample-OneOnOneSampleUITests-frameworks-${CONFIGURATION}-output-files.xcfilelist",
			);
			runOnlyForDeploymentPostprocessing = 0;
			shellPath = /bin/sh;
			shellScript = "\"${PODS_ROOT}/Target Support Files/Pods-OneOnOneSample-OneOnOneSampleUITests/Pods-OneOnOneSample-OneOnOneSampleUITests-frameworks.sh\"\n";
			showEnvVarsInLog = 0;
		};
/* End PBXShellScriptBuildPhase section */

/* Begin PBXSourcesBuildPhase section */
		EDF019FB2A0F7758002A5275 /* Sources */ = {
			isa = PBXSourcesBuildPhase;
			buildActionMask = 2147483647;
			files = (
				EDF01A072A0F7758002A5275 /* ViewController.swift in Sources */,
				EDF01A522A11D29A002A5275 /* Device+Extension.swift in Sources */,
				EDF01A3F2A0F83BF002A5275 /* Appkey.swift in Sources */,
				EDF01A3D2A0F80D4002A5275 /* String+Extension.swift in Sources */,
				EDF01A3A2A0F7DB5002A5275 /* NPTHomeViewController.swift in Sources */,
				EDF01A032A0F7758002A5275 /* AppDelegate.swift in Sources */,
			);
			runOnlyForDeploymentPostprocessing = 0;
		};
		EDF01A112A0F7759002A5275 /* Sources */ = {
			isa = PBXSourcesBuildPhase;
			buildActionMask = 2147483647;
			files = (
				EDF01A1A2A0F7759002A5275 /* OneOnOneSampleTests.swift in Sources */,
			);
			runOnlyForDeploymentPostprocessing = 0;
		};
		EDF01A1B2A0F7759002A5275 /* Sources */ = {
			isa = PBXSourcesBuildPhase;
			buildActionMask = 2147483647;
			files = (
				EDF01A242A0F7759002A5275 /* OneOnOneSampleUITests.swift in Sources */,
				EDF01A262A0F7759002A5275 /* OneOnOneSampleUITestsLaunchTests.swift in Sources */,
			);
			runOnlyForDeploymentPostprocessing = 0;
		};
/* End PBXSourcesBuildPhase section */

/* Begin PBXTargetDependency section */
		EDF01A172A0F7759002A5275 /* PBXTargetDependency */ = {
			isa = PBXTargetDependency;
			target = EDF019FE2A0F7758002A5275 /* OneOnOneSample */;
			targetProxy = EDF01A162A0F7759002A5275 /* PBXContainerItemProxy */;
		};
		EDF01A212A0F7759002A5275 /* PBXTargetDependency */ = {
			isa = PBXTargetDependency;
			target = EDF019FE2A0F7758002A5275 /* OneOnOneSample */;
			targetProxy = EDF01A202A0F7759002A5275 /* PBXContainerItemProxy */;
		};
/* End PBXTargetDependency section */

/* Begin PBXVariantGroup section */
		EDF01A082A0F7758002A5275 /* Main.storyboard */ = {
			isa = PBXVariantGroup;
			children = (
				EDF01A092A0F7758002A5275 /* Base */,
				EDF01A4E2A11D10F002A5275 /* zh-Hans */,
			);
			name = Main.storyboard;
			sourceTree = "<group>";
		};
		EDF01A0D2A0F7759002A5275 /* LaunchScreen.storyboard */ = {
			isa = PBXVariantGroup;
			children = (
				EDF01A0E2A0F7759002A5275 /* Base */,
				EDF01A4F2A11D110002A5275 /* zh-Hans */,
			);
			name = LaunchScreen.storyboard;
			sourceTree = "<group>";
		};
		EDF01A442A11C87D002A5275 /* Localizable.strings */ = {
			isa = PBXVariantGroup;
			children = (
				EDF01A432A11C87D002A5275 /* en */,
				EDF01A502A11D110002A5275 /* zh-Hans */,
			);
			name = Localizable.strings;
			sourceTree = "<group>";
		};
/* End PBXVariantGroup section */

/* Begin XCBuildConfiguration section */
		EDF01A272A0F7759002A5275 /* Debug */ = {
			isa = XCBuildConfiguration;
			buildSettings = {
				ALWAYS_SEARCH_USER_PATHS = NO;
				CLANG_ANALYZER_LOCALIZABILITY_NONLOCALIZED = YES;
				CLANG_ANALYZER_NONNULL = YES;
				CLANG_ANALYZER_NUMBER_OBJECT_CONVERSION = YES_AGGRESSIVE;
				CLANG_CXX_LANGUAGE_STANDARD = "gnu++20";
				CLANG_ENABLE_MODULES = YES;
				CLANG_ENABLE_OBJC_ARC = YES;
				CLANG_ENABLE_OBJC_WEAK = YES;
				CLANG_WARN_BLOCK_CAPTURE_AUTORELEASING = YES;
				CLANG_WARN_BOOL_CONVERSION = YES;
				CLANG_WARN_COMMA = YES;
				CLANG_WARN_CONSTANT_CONVERSION = YES;
				CLANG_WARN_DEPRECATED_OBJC_IMPLEMENTATIONS = YES;
				CLANG_WARN_DIRECT_OBJC_ISA_USAGE = YES_ERROR;
				CLANG_WARN_DOCUMENTATION_COMMENTS = YES;
				CLANG_WARN_EMPTY_BODY = YES;
				CLANG_WARN_ENUM_CONVERSION = YES;
				CLANG_WARN_INFINITE_RECURSION = YES;
				CLANG_WARN_INT_CONVERSION = YES;
				CLANG_WARN_NON_LITERAL_NULL_CONVERSION = YES;
				CLANG_WARN_OBJC_IMPLICIT_RETAIN_SELF = YES;
				CLANG_WARN_OBJC_LITERAL_CONVERSION = YES;
				CLANG_WARN_OBJC_ROOT_CLASS = YES_ERROR;
				CLANG_WARN_QUOTED_INCLUDE_IN_FRAMEWORK_HEADER = YES;
				CLANG_WARN_RANGE_LOOP_ANALYSIS = YES;
				CLANG_WARN_STRICT_PROTOTYPES = YES;
				CLANG_WARN_SUSPICIOUS_MOVE = YES;
				CLANG_WARN_UNGUARDED_AVAILABILITY = YES_AGGRESSIVE;
				CLANG_WARN_UNREACHABLE_CODE = YES;
				CLANG_WARN__DUPLICATE_METHOD_MATCH = YES;
				COPY_PHASE_STRIP = NO;
				DEBUG_INFORMATION_FORMAT = dwarf;
				ENABLE_STRICT_OBJC_MSGSEND = YES;
				ENABLE_TESTABILITY = YES;
				GCC_C_LANGUAGE_STANDARD = gnu11;
				GCC_DYNAMIC_NO_PIC = NO;
				GCC_NO_COMMON_BLOCKS = YES;
				GCC_OPTIMIZATION_LEVEL = 0;
				GCC_PREPROCESSOR_DEFINITIONS = (
					"DEBUG=1",
					"$(inherited)",
				);
				GCC_WARN_64_TO_32_BIT_CONVERSION = YES;
				GCC_WARN_ABOUT_RETURN_TYPE = YES_ERROR;
				GCC_WARN_UNDECLARED_SELECTOR = YES;
				GCC_WARN_UNINITIALIZED_AUTOS = YES_AGGRESSIVE;
				GCC_WARN_UNUSED_FUNCTION = YES;
				GCC_WARN_UNUSED_VARIABLE = YES;
				IPHONEOS_DEPLOYMENT_TARGET = 11.0;
				MTL_ENABLE_DEBUG_INFO = INCLUDE_SOURCE;
				MTL_FAST_MATH = YES;
				ONLY_ACTIVE_ARCH = YES;
				SDKROOT = iphoneos;
				SWIFT_ACTIVE_COMPILATION_CONDITIONS = DEBUG;
				SWIFT_OPTIMIZATION_LEVEL = "-Onone";
			};
			name = Debug;
		};
		EDF01A282A0F7759002A5275 /* Release */ = {
			isa = XCBuildConfiguration;
			buildSettings = {
				ALWAYS_SEARCH_USER_PATHS = NO;
				CLANG_ANALYZER_LOCALIZABILITY_NONLOCALIZED = YES;
				CLANG_ANALYZER_NONNULL = YES;
				CLANG_ANALYZER_NUMBER_OBJECT_CONVERSION = YES_AGGRESSIVE;
				CLANG_CXX_LANGUAGE_STANDARD = "gnu++20";
				CLANG_ENABLE_MODULES = YES;
				CLANG_ENABLE_OBJC_ARC = YES;
				CLANG_ENABLE_OBJC_WEAK = YES;
				CLANG_WARN_BLOCK_CAPTURE_AUTORELEASING = YES;
				CLANG_WARN_BOOL_CONVERSION = YES;
				CLANG_WARN_COMMA = YES;
				CLANG_WARN_CONSTANT_CONVERSION = YES;
				CLANG_WARN_DEPRECATED_OBJC_IMPLEMENTATIONS = YES;
				CLANG_WARN_DIRECT_OBJC_ISA_USAGE = YES_ERROR;
				CLANG_WARN_DOCUMENTATION_COMMENTS = YES;
				CLANG_WARN_EMPTY_BODY = YES;
				CLANG_WARN_ENUM_CONVERSION = YES;
				CLANG_WARN_INFINITE_RECURSION = YES;
				CLANG_WARN_INT_CONVERSION = YES;
				CLANG_WARN_NON_LITERAL_NULL_CONVERSION = YES;
				CLANG_WARN_OBJC_IMPLICIT_RETAIN_SELF = YES;
				CLANG_WARN_OBJC_LITERAL_CONVERSION = YES;
				CLANG_WARN_OBJC_ROOT_CLASS = YES_ERROR;
				CLANG_WARN_QUOTED_INCLUDE_IN_FRAMEWORK_HEADER = YES;
				CLANG_WARN_RANGE_LOOP_ANALYSIS = YES;
				CLANG_WARN_STRICT_PROTOTYPES = YES;
				CLANG_WARN_SUSPICIOUS_MOVE = YES;
				CLANG_WARN_UNGUARDED_AVAILABILITY = YES_AGGRESSIVE;
				CLANG_WARN_UNREACHABLE_CODE = YES;
				CLANG_WARN__DUPLICATE_METHOD_MATCH = YES;
				COPY_PHASE_STRIP = NO;
				DEBUG_INFORMATION_FORMAT = "dwarf-with-dsym";
				ENABLE_NS_ASSERTIONS = NO;
				ENABLE_STRICT_OBJC_MSGSEND = YES;
				GCC_C_LANGUAGE_STANDARD = gnu11;
				GCC_NO_COMMON_BLOCKS = YES;
				GCC_WARN_64_TO_32_BIT_CONVERSION = YES;
				GCC_WARN_ABOUT_RETURN_TYPE = YES_ERROR;
				GCC_WARN_UNDECLARED_SELECTOR = YES;
				GCC_WARN_UNINITIALIZED_AUTOS = YES_AGGRESSIVE;
				GCC_WARN_UNUSED_FUNCTION = YES;
				GCC_WARN_UNUSED_VARIABLE = YES;
				IPHONEOS_DEPLOYMENT_TARGET = 11.0;
				MTL_ENABLE_DEBUG_INFO = NO;
				MTL_FAST_MATH = YES;
				SDKROOT = iphoneos;
				SWIFT_COMPILATION_MODE = wholemodule;
				SWIFT_OPTIMIZATION_LEVEL = "-O";
				VALIDATE_PRODUCT = YES;
			};
			name = Release;
		};
		EDF01A2A2A0F7759002A5275 /* Debug */ = {
			isa = XCBuildConfiguration;
			baseConfigurationReference = 35414225269C97CA8040AE62 /* Pods-OneOnOneSample.debug.xcconfig */;
			buildSettings = {
				ASSETCATALOG_COMPILER_APPICON_NAME = AppIcon;
				ASSETCATALOG_COMPILER_GLOBAL_ACCENT_COLOR_NAME = AccentColor;
				CODE_SIGN_STYLE = Automatic;
				CURRENT_PROJECT_VERSION = 1;
				DEVELOPMENT_TEAM = 7C9A6NRV5L;
				GENERATE_INFOPLIST_FILE = YES;
				INFOPLIST_FILE = OneOnOneSample/Info.plist;
				INFOPLIST_KEY_NSCameraUsageDescription = "用于体验音视频聊天功能";
				INFOPLIST_KEY_NSLocationAlwaysAndWhenInUseUsageDescription = "用于为您选择音视频通话最优路径";
				INFOPLIST_KEY_NSLocationAlwaysUsageDescription = "用于为您选择音视频通话最优路径";
				INFOPLIST_KEY_NSLocationWhenInUseUsageDescription = "用于为您选择音视频通话最优路径";
				INFOPLIST_KEY_NSMicrophoneUsageDescription = "用于体验音视频聊天功能";
				INFOPLIST_KEY_NSPhotoLibraryUsageDescription = "用于体验图片发送功能";
				INFOPLIST_KEY_UIApplicationSupportsIndirectInputEvents = YES;
				INFOPLIST_KEY_UILaunchStoryboardName = LaunchScreen;
				INFOPLIST_KEY_UIMainStoryboardFile = Main;
				INFOPLIST_KEY_UISupportedInterfaceOrientations_iPad = "UIInterfaceOrientationPortrait UIInterfaceOrientationPortraitUpsideDown UIInterfaceOrientationLandscapeLeft UIInterfaceOrientationLandscapeRight";
				INFOPLIST_KEY_UISupportedInterfaceOrientations_iPhone = "UIInterfaceOrientationPortrait UIInterfaceOrientationLandscapeLeft UIInterfaceOrientationLandscapeRight";
				LD_RUNPATH_SEARCH_PATHS = (
					"$(inherited)",
					"@executable_path/Frameworks",
				);
				MARKETING_VERSION = 1.0;
				PRODUCT_BUNDLE_IDENTIFIER = com.netease.yunxin.app.oneonone.OneOnOneSample;
				PRODUCT_NAME = "$(TARGET_NAME)";
				SWIFT_EMIT_LOC_STRINGS = YES;
				SWIFT_VERSION = 5.0;
				TARGETED_DEVICE_FAMILY = "1,2";
			};
			name = Debug;
		};
		EDF01A2B2A0F7759002A5275 /* Release */ = {
			isa = XCBuildConfiguration;
			baseConfigurationReference = 2202B99A6D732C71A7C5B90E /* Pods-OneOnOneSample.release.xcconfig */;
			buildSettings = {
				ASSETCATALOG_COMPILER_APPICON_NAME = AppIcon;
				ASSETCATALOG_COMPILER_GLOBAL_ACCENT_COLOR_NAME = AccentColor;
				CODE_SIGN_STYLE = Automatic;
				CURRENT_PROJECT_VERSION = 1;
				DEVELOPMENT_TEAM = 7C9A6NRV5L;
				GENERATE_INFOPLIST_FILE = YES;
				INFOPLIST_FILE = OneOnOneSample/Info.plist;
				INFOPLIST_KEY_NSCameraUsageDescription = "用于体验音视频聊天功能";
				INFOPLIST_KEY_NSLocationAlwaysAndWhenInUseUsageDescription = "用于为您选择音视频通话最优路径";
				INFOPLIST_KEY_NSLocationAlwaysUsageDescription = "用于为您选择音视频通话最优路径";
				INFOPLIST_KEY_NSLocationWhenInUseUsageDescription = "用于为您选择音视频通话最优路径";
				INFOPLIST_KEY_NSMicrophoneUsageDescription = "用于体验音视频聊天功能";
				INFOPLIST_KEY_NSPhotoLibraryUsageDescription = "用于体验图片发送功能";
				INFOPLIST_KEY_UIApplicationSupportsIndirectInputEvents = YES;
				INFOPLIST_KEY_UILaunchStoryboardName = LaunchScreen;
				INFOPLIST_KEY_UIMainStoryboardFile = Main;
				INFOPLIST_KEY_UISupportedInterfaceOrientations_iPad = "UIInterfaceOrientationPortrait UIInterfaceOrientationPortraitUpsideDown UIInterfaceOrientationLandscapeLeft UIInterfaceOrientationLandscapeRight";
				INFOPLIST_KEY_UISupportedInterfaceOrientations_iPhone = "UIInterfaceOrientationPortrait UIInterfaceOrientationLandscapeLeft UIInterfaceOrientationLandscapeRight";
				LD_RUNPATH_SEARCH_PATHS = (
					"$(inherited)",
					"@executable_path/Frameworks",
				);
				MARKETING_VERSION = 1.0;
				PRODUCT_BUNDLE_IDENTIFIER = com.netease.yunxin.app.oneonone.OneOnOneSample;
				PRODUCT_NAME = "$(TARGET_NAME)";
				SWIFT_EMIT_LOC_STRINGS = YES;
				SWIFT_VERSION = 5.0;
				TARGETED_DEVICE_FAMILY = "1,2";
			};
			name = Release;
		};
		EDF01A2D2A0F7759002A5275 /* Debug */ = {
			isa = XCBuildConfiguration;
			baseConfigurationReference = 0B38200BEC3379EF8A4CBEF7 /* Pods-OneOnOneSampleTests.debug.xcconfig */;
			buildSettings = {
				ALWAYS_EMBED_SWIFT_STANDARD_LIBRARIES = YES;
				BUNDLE_LOADER = "$(TEST_HOST)";
				CODE_SIGN_STYLE = Automatic;
				CURRENT_PROJECT_VERSION = 1;
				DEVELOPMENT_TEAM = 569GNZ5392;
				GENERATE_INFOPLIST_FILE = YES;
				IPHONEOS_DEPLOYMENT_TARGET = 16.2;
				MARKETING_VERSION = 1.0;
				PRODUCT_BUNDLE_IDENTIFIER = com.netease.yunxin.app.oneonone.OneOnOneSampleTests;
				PRODUCT_NAME = "$(TARGET_NAME)";
				SWIFT_EMIT_LOC_STRINGS = NO;
				SWIFT_VERSION = 5.0;
				TARGETED_DEVICE_FAMILY = "1,2";
				TEST_HOST = "$(BUILT_PRODUCTS_DIR)/OneOnOneSample.app/$(BUNDLE_EXECUTABLE_FOLDER_PATH)/OneOnOneSample";
			};
			name = Debug;
		};
		EDF01A2E2A0F7759002A5275 /* Release */ = {
			isa = XCBuildConfiguration;
			baseConfigurationReference = 9BE57E01E3EB378D2B4B742B /* Pods-OneOnOneSampleTests.release.xcconfig */;
			buildSettings = {
				ALWAYS_EMBED_SWIFT_STANDARD_LIBRARIES = YES;
				BUNDLE_LOADER = "$(TEST_HOST)";
				CODE_SIGN_STYLE = Automatic;
				CURRENT_PROJECT_VERSION = 1;
				DEVELOPMENT_TEAM = 569GNZ5392;
				GENERATE_INFOPLIST_FILE = YES;
				IPHONEOS_DEPLOYMENT_TARGET = 16.2;
				MARKETING_VERSION = 1.0;
				PRODUCT_BUNDLE_IDENTIFIER = com.netease.yunxin.app.oneonone.OneOnOneSampleTests;
				PRODUCT_NAME = "$(TARGET_NAME)";
				SWIFT_EMIT_LOC_STRINGS = NO;
				SWIFT_VERSION = 5.0;
				TARGETED_DEVICE_FAMILY = "1,2";
				TEST_HOST = "$(BUILT_PRODUCTS_DIR)/OneOnOneSample.app/$(BUNDLE_EXECUTABLE_FOLDER_PATH)/OneOnOneSample";
			};
			name = Release;
		};
		EDF01A302A0F7759002A5275 /* Debug */ = {
			isa = XCBuildConfiguration;
			baseConfigurationReference = AF5159A0824583125AAC04D3 /* Pods-OneOnOneSample-OneOnOneSampleUITests.debug.xcconfig */;
			buildSettings = {
				ALWAYS_EMBED_SWIFT_STANDARD_LIBRARIES = YES;
				CODE_SIGN_STYLE = Automatic;
				CURRENT_PROJECT_VERSION = 1;
				DEVELOPMENT_TEAM = 569GNZ5392;
				GENERATE_INFOPLIST_FILE = YES;
				MARKETING_VERSION = 1.0;
				PRODUCT_BUNDLE_IDENTIFIER = com.netease.yunxin.app.oneonone.OneOnOneSampleUITests;
				PRODUCT_NAME = "$(TARGET_NAME)";
				SWIFT_EMIT_LOC_STRINGS = NO;
				SWIFT_VERSION = 5.0;
				TARGETED_DEVICE_FAMILY = "1,2";
				TEST_TARGET_NAME = OneOnOneSample;
			};
			name = Debug;
		};
		EDF01A312A0F7759002A5275 /* Release */ = {
			isa = XCBuildConfiguration;
			baseConfigurationReference = 8F2908A7CD11C498C2B39D35 /* Pods-OneOnOneSample-OneOnOneSampleUITests.release.xcconfig */;
			buildSettings = {
				ALWAYS_EMBED_SWIFT_STANDARD_LIBRARIES = YES;
				CODE_SIGN_STYLE = Automatic;
				CURRENT_PROJECT_VERSION = 1;
				DEVELOPMENT_TEAM = 569GNZ5392;
				GENERATE_INFOPLIST_FILE = YES;
				MARKETING_VERSION = 1.0;
				PRODUCT_BUNDLE_IDENTIFIER = com.netease.yunxin.app.oneonone.OneOnOneSampleUITests;
				PRODUCT_NAME = "$(TARGET_NAME)";
				SWIFT_EMIT_LOC_STRINGS = NO;
				SWIFT_VERSION = 5.0;
				TARGETED_DEVICE_FAMILY = "1,2";
				TEST_TARGET_NAME = OneOnOneSample;
			};
			name = Release;
		};
/* End XCBuildConfiguration section */

/* Begin XCConfigurationList section */
		EDF019FA2A0F7758002A5275 /* Build configuration list for PBXProject "OneOnOneSample" */ = {
			isa = XCConfigurationList;
			buildConfigurations = (
				EDF01A272A0F7759002A5275 /* Debug */,
				EDF01A282A0F7759002A5275 /* Release */,
			);
			defaultConfigurationIsVisible = 0;
			defaultConfigurationName = Release;
		};
		EDF01A292A0F7759002A5275 /* Build configuration list for PBXNativeTarget "OneOnOneSample" */ = {
			isa = XCConfigurationList;
			buildConfigurations = (
				EDF01A2A2A0F7759002A5275 /* Debug */,
				EDF01A2B2A0F7759002A5275 /* Release */,
			);
			defaultConfigurationIsVisible = 0;
			defaultConfigurationName = Release;
		};
		EDF01A2C2A0F7759002A5275 /* Build configuration list for PBXNativeTarget "OneOnOneSampleTests" */ = {
			isa = XCConfigurationList;
			buildConfigurations = (
				EDF01A2D2A0F7759002A5275 /* Debug */,
				EDF01A2E2A0F7759002A5275 /* Release */,
			);
			defaultConfigurationIsVisible = 0;
			defaultConfigurationName = Release;
		};
		EDF01A2F2A0F7759002A5275 /* Build configuration list for PBXNativeTarget "OneOnOneSampleUITests" */ = {
			isa = XCConfigurationList;
			buildConfigurations = (
				EDF01A302A0F7759002A5275 /* Debug */,
				EDF01A312A0F7759002A5275 /* Release */,
			);
			defaultConfigurationIsVisible = 0;
			defaultConfigurationName = Release;
		};
/* End XCConfigurationList section */
	};
	rootObject = EDF019F72A0F7758002A5275 /* Project object */;
}
